
Microsoft Visual Studio Solution File, Format Version 12.00
# Visual Studio Version 17
VisualStudioVersion = 17.8.34931.61
MinimumVisualStudioVersion = 10.0.40219.1
Project("{FAE04EC0-301F-11D3-BF4B-00C04F79EFBC}") = "Dialogs1", "Dialogs\Dialogs1.csproj", "{20922DC4-BCB1-49CE-B943-170C7B99ADCA}"
EndProject
Project("{FAE04EC0-301F-11D3-BF4B-00C04F79EFBC}") = "Dialogs2", "Dialogs2\Dialogs2.csproj", "{5289514D-61C0-4B96-8A05-BF82029432B2}"
EndProject
Global
	GlobalSection(SolutionConfigurationPlatforms) = preSolution
		Debug|Any CPU = Debug|Any CPU
		Release|Any CPU = Release|Any CPU
	EndGlobalSection
	GlobalSection(ProjectConfigurationPlatforms) = postSolution
		{20922DC4-BCB1-49CE-B943-170C7B99ADCA}.Debug|Any CPU.ActiveCfg = Debug|Any CPU
		{20922DC4-BCB1-49CE-B943-170C7B99ADCA}.Debug|Any CPU.Build.0 = Debug|Any CPU
		{20922DC4-BCB1-49CE-B943-170C7B99ADCA}.Release|Any CPU.ActiveCfg = Release|Any CPU
		{20922DC4-BCB1-49CE-B943-170C7B99ADCA}.Release|Any CPU.Build.0 = Release|Any CPU
		{5289514D-61C0-4B96-8A05-BF82029432B2}.Debug|Any CPU.ActiveCfg = Debug|Any CPU
		{5289514D-61C0-4B96-8A05-BF82029432B2}.Debug|Any CPU.Build.0 = Debug|Any CPU
		{5289514D-61C0-4B96-8A05-BF82029432B2}.Release|Any CPU.ActiveCfg = Release|Any CPU
		{5289514D-61C0-4B96-8A05-BF82029432B2}.Release|Any CPU.Build.0 = Release|Any CPU
	EndGlobalSection
	GlobalSection(SolutionProperties) = preSolution
		HideSolutionNode = FALSE
	EndGlobalSection
	GlobalSection(ExtensibilityGlobals) = postSolution
		SolutionGuid = {1F16BBF3-6C51-4C8A-898E-9FC08D29B19D}
	EndGlobalSection
EndGlobal
